github.com/a-h/templ v0.3.1001 h1:yHDTgexACdJttyiyamcTHXr2QkIeVF1MukLy44EAhMY=
github.com/a-h/templ v0.3.1001/go.mod h1:oCZcnKRf5jjsGpf2yELzQfodLphd2mwecwG4Crk5HBo=
github.com/a-h/templ v0.3.1020 h1:ypAT/L5ySWEnZ6Zft/5yfoWXYYkhFNvEFOeeqecg4tw=
github.com/a-h/templ v0.3.1020/go.mod h1:A2DlK61v+K+NRoGnhmYbNYVmtYHcFO5/AisMvBdDxTM=
